
Microsoft Visual Studio Solution File, Format Version 12.00
# Visual Studio Version 17
VisualStudioVersion = 17.3.32901.215
MinimumVisualStudioVersion = 10.0.40219.1
Project("{9A19103F-16F7-4668-BE54-9A1E7A4F7556}") = "ShapeCreator", "ShapeCreator\ShapeCreator.csproj", "{472997AA-F7CE-4DEC-BF76-64EFD7EF52C3}"
EndProject
Project("{FAE04EC0-301F-11D3-BF4B-00C04F79EFBC}") = "Tests", "Tests\Tests.csproj", "{09707FCB-ACD9-4D7E-BFB9-1B152DF56897}"
EndProject
Global
	GlobalSection(SolutionConfigurationPlatforms) = preSolution
		Debug|Any CPU = Debug|Any CPU
		Release|Any CPU = Release|Any CPU
	EndGlobalSection
	GlobalSection(ProjectConfigurationPlatforms) = postSolution
		{472997AA-F7CE-4DEC-BF76-64EFD7EF52C3}.Debug|Any CPU.ActiveCfg = Debug|Any CPU
		{472997AA-F7CE-4DEC-BF76-64EFD7EF52C3}.Debug|Any CPU.Build.0 = Debug|Any CPU
		{472997AA-F7CE-4DEC-BF76-64EFD7EF52C3}.Release|Any CPU.ActiveCfg = Release|Any CPU
		{472997AA-F7CE-4DEC-BF76-64EFD7EF52C3}.Release|Any CPU.Build.0 = Release|Any CPU
		{09707FCB-ACD9-4D7E-BFB9-1B152DF56897}.Debug|Any CPU.ActiveCfg = Debug|Any CPU
		{09707FCB-ACD9-4D7E-BFB9-1B152DF56897}.Debug|Any CPU.Build.0 = Debug|Any CPU
		{09707FCB-ACD9-4D7E-BFB9-1B152DF56897}.Release|Any CPU.ActiveCfg = Release|Any CPU
		{09707FCB-ACD9-4D7E-BFB9-1B152DF56897}.Release|Any CPU.Build.0 = Release|Any CPU
	EndGlobalSection
	GlobalSection(SolutionProperties) = preSolution
		HideSolutionNode = FALSE
	EndGlobalSection
	GlobalSection(ExtensibilityGlobals) = postSolution
		SolutionGuid = {20B7693E-7324-4EE0-85E0-655D5ABB2941}
	EndGlobalSection
EndGlobal
